name: private-ai-max-model-unblock

on:
  push:
    branches:
      - ops/private-ai-install-20260830
    paths:
      - .github/workflows/private-ai-max-model-unblock.yml
  workflow_dispatch:

permissions:
  contents: read

jobs:
  start-download:
    runs-on: ubuntu-latest
    timeout-minutes: 10
    environment: production
    steps:
      - uses: actions/checkout@11d5960a326750d5838078e36cf38b85af677262 # v4
        with:
          persist-credentials: false

      - name: Pornește descărcarea fără a debloca activarea
        shell: bash
        env:
          VPS_HOST: ${{ vars.VPS_HOST }}
          VPS_USER: ${{ vars.VPS_USER }}
          VPS_HOST_KEY: ${{ vars.VPS_HOST_KEY }}
          SSH_KEY: ${{ secrets.VPS_SSH_KEY }}
        run: |
          set -Eeuo pipefail
          [ "$GITHUB_REPOSITORY" = kelion-team/kelionai ]
          [ "$GITHUB_REF" = refs/heads/ops/private-ai-install-20260830 ]
          [ "$VPS_USER" = root ]
          [ -n "$VPS_HOST" ] && [ -n "$VPS_HOST_KEY" ] && [ -n "$SSH_KEY" ]
          current_host_key=$(ssh-keyscan -T 20 -t ed25519 "$VPS_HOST" 2>/dev/null)
          [ "$current_host_key" = "$VPS_HOST_KEY" ]
          umask 077
          key_file=$(mktemp)
          known_hosts=$(mktemp)
          trap 'rm -f -- "$key_file" "$known_hosts"' EXIT
          printf '%s\n' "$SSH_KEY" > "$key_file"
          printf '%s\n' "$VPS_HOST_KEY" > "$known_hosts"
          chmod 0600 "$key_file" "$known_hosts"
          ssh_opts=(
            -i "$key_file"
            -o StrictHostKeyChecking=yes
            -o UserKnownHostsFile="$known_hosts"
            -o HostKeyAlgorithms=ssh-ed25519
            -o BatchMode=yes
            -o ConnectTimeout=25
          )
          installer=.github/private-ai/upgrade-private-ai-max-model.sh
          bash -n "$installer"
          installer_sha=$(sha256sum "$installer" | awk '{print $1}')
          [[ "$installer_sha" =~ ^[0-9a-f]{64}$ ]]
          remote_candidate="/root/private-ai-max-model-restage.${GITHUB_RUN_ID}.${GITHUB_RUN_ATTEMPT}.sh"
          scp "${ssh_opts[@]}" "$installer" "$VPS_USER@$VPS_HOST:$remote_candidate"
          ssh "${ssh_opts[@]}" "$VPS_USER@$VPS_HOST" bash -s -- \
            "$remote_candidate" "$installer_sha" <<'REMOTE'
          set -Eeuo pipefail
          umask 077
          readonly candidate=$1
          readonly expected_sha=$2
          readonly unit=/etc/systemd/system/private-ai-max-model-upgrade.service
          readonly durable_parent=/root/private-ai-max-model
          readonly durable_root=$durable_parent/$expected_sha
          readonly script=/root/private-ai-max-model/$expected_sha/upgrade.sh
          readonly model_root=/srv/private-ai/models/qwen3.5-122b-a10b-q4_k_m
          [[ "$expected_sha" =~ ^[0-9a-f]{64}$ ]]
          [ -f "$candidate" ] && [ ! -L "$candidate" ]
          [ "$(stat -Lc '%u:%g:%h' "$candidate")" = '0:0:1' ]
          [ "$(sha256sum "$candidate" | awk '{print $1}')" = "$expected_sha" ]
          cleanup_remote() { rm -f -- "$candidate" "${unit_candidate:-}"; }
          trap cleanup_remote EXIT

          systemctl stop private-ai-max-model-upgrade.service >/dev/null 2>&1 || true
          install -d -o root -g root -m 0700 "$durable_parent"
          [ -d "$durable_parent" ] && [ ! -L "$durable_parent" ]
          if [ -e "$durable_root" ] || [ -L "$durable_root" ]; then
            [ -d "$durable_root" ] && [ ! -L "$durable_root" ]
            rm -rf --one-file-system -- "$durable_root"
          fi
          install -d -o root -g root -m 0700 "$durable_root"
          install -o root -g root -m 0700 "$candidate" "$script"
          rm -f -- "$candidate"
          sync -f "$script"

          unit_candidate=$(mktemp /etc/systemd/system/.private-ai-max-model-restage.XXXXXX)
          cat > "$unit_candidate" <<UNIT
          [Unit]
          Description=Kelion private AI maximum stable model upgrade
          After=network-online.target
          Wants=network-online.target
          StartLimitIntervalSec=3600
          StartLimitBurst=3

          [Service]
          Type=oneshot
          WorkingDirectory=$durable_root
          ExecStart=/usr/bin/bash $script
          ExecStartPost=/usr/bin/systemctl disable private-ai-max-model-upgrade.service
          Restart=on-failure
          RestartSec=20s
          TimeoutStartSec=21600s
          TimeoutStopSec=600s

          [Install]
          WantedBy=multi-user.target
          UNIT
          chown root:root "$unit_candidate"
          chmod 0644 "$unit_candidate"
          mv -f -- "$unit_candidate" "$unit"
          unit_candidate=''
          sync -f "$unit"
          systemctl daemon-reload
          systemd-analyze verify "$unit"

          systemctl reset-failed private-ai-max-model-upgrade.service >/dev/null 2>&1 || true
          systemctl enable private-ai-max-model-upgrade.service >/dev/null
          systemctl start --no-block private-ai-max-model-upgrade.service
          for attempt in $(seq 1 60); do
            state=$(systemctl is-active private-ai-max-model-upgrade.service 2>/dev/null || true)
            [ "$state" != failed ] || {
              journalctl --no-pager --output=cat --unit=private-ai-max-model-upgrade.service \
                --lines=120 >&2
              exit 1
            }
            [ -d "$model_root" ] && break
            [ "$attempt" -lt 60 ]
            sleep 2
          done
          [ -d "$model_root" ] && [ ! -L "$model_root" ]
          sleep 5
          downloaded=$(find "$model_root" -maxdepth 1 -type f \
            \( -name '*.gguf' -o -name '*.part' \) -printf '%s\n' \
            | awk '{sum += $1} END {printf "%.0f", sum + 0}')
          printf 'MAX_MODEL_DOWNLOAD_STARTED=yes\n'
          printf 'MAX_MODEL_DOWNLOADED_BYTES=%s\n' "$downloaded"
          printf 'MAX_MODEL_UPGRADE_STATE=%s\n' \
            "$(systemctl is-active private-ai-max-model-upgrade.service 2>/dev/null || true)"
          REMOTE
